
Microsoft Visual Studio Solution File, Format Version 12.00
# Visual Studio Version 16
VisualStudioVersion = 16.0.28803.156
MinimumVisualStudioVersion = 10.0.40219.1
Project("{FAE04EC0-301F-11D3-BF4B-00C04F79EFBC}") = "Tests", "LogicTest\Tests.csproj", "{6B35B163-2172-4FC6-9597-9ADFD994DE18}"
EndProject
Project("{9A19103F-16F7-4668-BE54-9A1E7A4F7556}") = "Data", "Data\Data.csproj", "{13CE2CB1-14E2-4509-B5B9-4AB50DCC4308}"
EndProject
Project("{9A19103F-16F7-4668-BE54-9A1E7A4F7556}") = "Logic", "Logic\Logic.csproj", "{526B2FF8-7C5B-499E-97F1-2E1D8DFB0269}"
EndProject
Project("{9A19103F-16F7-4668-BE54-9A1E7A4F7556}") = "GUI", "GUI\GUI.csproj", "{CDD17EEE-4260-4701-99B7-6F3E118D57A8}"
EndProject
Project("{FAE04EC0-301F-11D3-BF4B-00C04F79EFBC}") = "GUI.View", "GUI.View\GUI.View.csproj", "{2C196CA8-0FE2-4817-A82E-6C387EC41970}"
EndProject
Global
	GlobalSection(SolutionConfigurationPlatforms) = preSolution
		Debug|Any CPU = Debug|Any CPU
		Release|Any CPU = Release|Any CPU
	EndGlobalSection
	GlobalSection(ProjectConfigurationPlatforms) = postSolution
		{6B35B163-2172-4FC6-9597-9ADFD994DE18}.Debug|Any CPU.ActiveCfg = Debug|Any CPU
		{6B35B163-2172-4FC6-9597-9ADFD994DE18}.Debug|Any CPU.Build.0 = Debug|Any CPU
		{6B35B163-2172-4FC6-9597-9ADFD994DE18}.Release|Any CPU.ActiveCfg = Release|Any CPU
		{6B35B163-2172-4FC6-9597-9ADFD994DE18}.Release|Any CPU.Build.0 = Release|Any CPU
		{13CE2CB1-14E2-4509-B5B9-4AB50DCC4308}.Debug|Any CPU.ActiveCfg = Debug|Any CPU
		{13CE2CB1-14E2-4509-B5B9-4AB50DCC4308}.Debug|Any CPU.Build.0 = Debug|Any CPU
		{13CE2CB1-14E2-4509-B5B9-4AB50DCC4308}.Release|Any CPU.ActiveCfg = Release|Any CPU
		{13CE2CB1-14E2-4509-B5B9-4AB50DCC4308}.Release|Any CPU.Build.0 = Release|Any CPU
		{526B2FF8-7C5B-499E-97F1-2E1D8DFB0269}.Debug|Any CPU.ActiveCfg = Debug|Any CPU
		{526B2FF8-7C5B-499E-97F1-2E1D8DFB0269}.Debug|Any CPU.Build.0 = Debug|Any CPU
		{526B2FF8-7C5B-499E-97F1-2E1D8DFB0269}.Release|Any CPU.ActiveCfg = Release|Any CPU
		{526B2FF8-7C5B-499E-97F1-2E1D8DFB0269}.Release|Any CPU.Build.0 = Release|Any CPU
		{CDD17EEE-4260-4701-99B7-6F3E118D57A8}.Debug|Any CPU.ActiveCfg = Debug|Any CPU
		{CDD17EEE-4260-4701-99B7-6F3E118D57A8}.Debug|Any CPU.Build.0 = Debug|Any CPU
		{CDD17EEE-4260-4701-99B7-6F3E118D57A8}.Release|Any CPU.ActiveCfg = Release|Any CPU
		{CDD17EEE-4260-4701-99B7-6F3E118D57A8}.Release|Any CPU.Build.0 = Release|Any CPU
		{2C196CA8-0FE2-4817-A82E-6C387EC41970}.Debug|Any CPU.ActiveCfg = Debug|Any CPU
		{2C196CA8-0FE2-4817-A82E-6C387EC41970}.Debug|Any CPU.Build.0 = Debug|Any CPU
		{2C196CA8-0FE2-4817-A82E-6C387EC41970}.Release|Any CPU.ActiveCfg = Release|Any CPU
		{2C196CA8-0FE2-4817-A82E-6C387EC41970}.Release|Any CPU.Build.0 = Release|Any CPU
	EndGlobalSection
	GlobalSection(SolutionProperties) = preSolution
		HideSolutionNode = FALSE
	EndGlobalSection
	GlobalSection(ExtensibilityGlobals) = postSolution
		SolutionGuid = {B6987F7E-71EC-4350-838A-F7940267FE9F}
	EndGlobalSection
EndGlobal
